
Microsoft Visual Studio Solution File, Format Version 12.00
# Visual Studio Version 17
VisualStudioVersion = 17.4.33110.190
MinimumVisualStudioVersion = 10.0.40219.1
Project("{2150E333-8FDC-42A3-9474-1A3956D46DE8}") = "src", "src", "{4B2BA4D5-AEC9-4D01-8B9F-70D54C44DCE4}"
EndProject
Project("{2150E333-8FDC-42A3-9474-1A3956D46DE8}") = "tests", "tests", "{1C20FADA-BF0C-49C2-B884-153E4285EA47}"
EndProject
Project("{9A19103F-16F7-4668-BE54-9A1E7A4F7556}") = "Ktusaro.UnitTests", "tests\Ktusaro.UnitTests\Ktusaro.UnitTests.csproj", "{F5347AA3-AFB3-4A5D-8E00-B44855B2A151}"
EndProject
Project("{9A19103F-16F7-4668-BE54-9A1E7A4F7556}") = "Ktusaro.WebApp", "src\Ktusaro\Ktusaro.WebApp.csproj", "{F76E0C33-700B-4189-A8B0-05EC876CB2B1}"
EndProject
Project("{9A19103F-16F7-4668-BE54-9A1E7A4F7556}") = "Ktusaro.Core", "src\Ktusaro.Core\Ktusaro.Core.csproj", "{5D296EE5-4A0A-448D-A0AA-16F3962DB075}"
EndProject
Project("{9A19103F-16F7-4668-BE54-9A1E7A4F7556}") = "Ktusaro.Repositories", "src\Ktusaro.Repositories\Ktusaro.Repositories.csproj", "{8D13556A-1EDB-475A-947E-EF834FD67634}"
EndProject
Project("{9A19103F-16F7-4668-BE54-9A1E7A4F7556}") = "Ktusaro.Services", "src\Ktusaro.Services\Ktusaro.Services.csproj", "{3092F353-1B6B-495E-9DD2-70D602584009}"
EndProject
Project("{9A19103F-16F7-4668-BE54-9A1E7A4F7556}") = "Ktusaro.IntegrationTests", "tests\Ktusaro.IntegrationTests\Ktusaro.IntegrationTests.csproj", "{3F204E1A-8C44-444D-856F-2A5699E45707}"
EndProject
Global
	GlobalSection(SolutionConfigurationPlatforms) = preSolution
		Debug|Any CPU = Debug|Any CPU
		Release|Any CPU = Release|Any CPU
	EndGlobalSection
	GlobalSection(ProjectConfigurationPlatforms) = postSolution
		{F5347AA3-AFB3-4A5D-8E00-B44855B2A151}.Debug|Any CPU.ActiveCfg = Debug|Any CPU
		{F5347AA3-AFB3-4A5D-8E00-B44855B2A151}.Debug|Any CPU.Build.0 = Debug|Any CPU
		{F5347AA3-AFB3-4A5D-8E00-B44855B2A151}.Release|Any CPU.ActiveCfg = Release|Any CPU
		{F5347AA3-AFB3-4A5D-8E00-B44855B2A151}.Release|Any CPU.Build.0 = Release|Any CPU
		{F76E0C33-700B-4189-A8B0-05EC876CB2B1}.Debug|Any CPU.ActiveCfg = Debug|Any CPU
		{F76E0C33-700B-4189-A8B0-05EC876CB2B1}.Debug|Any CPU.Build.0 = Debug|Any CPU
		{F76E0C33-700B-4189-A8B0-05EC876CB2B1}.Release|Any CPU.ActiveCfg = Release|Any CPU
		{F76E0C33-700B-4189-A8B0-05EC876CB2B1}.Release|Any CPU.Build.0 = Release|Any CPU
		{5D296EE5-4A0A-448D-A0AA-16F3962DB075}.Debug|Any CPU.ActiveCfg = Debug|Any CPU
		{5D296EE5-4A0A-448D-A0AA-16F3962DB075}.Debug|Any CPU.Build.0 = Debug|Any CPU
		{5D296EE5-4A0A-448D-A0AA-16F3962DB075}.Release|Any CPU.ActiveCfg = Release|Any CPU
		{5D296EE5-4A0A-448D-A0AA-16F3962DB075}.Release|Any CPU.Build.0 = Release|Any CPU
		{8D13556A-1EDB-475A-947E-EF834FD67634}.Debug|Any CPU.ActiveCfg = Debug|Any CPU
		{8D13556A-1EDB-475A-947E-EF834FD67634}.Debug|Any CPU.Build.0 = Debug|Any CPU
		{8D13556A-1EDB-475A-947E-EF834FD67634}.Release|Any CPU.ActiveCfg = Release|Any CPU
		{8D13556A-1EDB-475A-947E-EF834FD67634}.Release|Any CPU.Build.0 = Release|Any CPU
		{3092F353-1B6B-495E-9DD2-70D602584009}.Debug|Any CPU.ActiveCfg = Debug|Any CPU
		{3092F353-1B6B-495E-9DD2-70D602584009}.Debug|Any CPU.Build.0 = Debug|Any CPU
		{3092F353-1B6B-495E-9DD2-70D602584009}.Release|Any CPU.ActiveCfg = Release|Any CPU
		{3092F353-1B6B-495E-9DD2-70D602584009}.Release|Any CPU.Build.0 = Release|Any CPU
		{3F204E1A-8C44-444D-856F-2A5699E45707}.Debug|Any CPU.ActiveCfg = Debug|Any CPU
		{3F204E1A-8C44-444D-856F-2A5699E45707}.Debug|Any CPU.Build.0 = Debug|Any CPU
		{3F204E1A-8C44-444D-856F-2A5699E45707}.Release|Any CPU.ActiveCfg = Release|Any CPU
		{3F204E1A-8C44-444D-856F-2A5699E45707}.Release|Any CPU.Build.0 = Release|Any CPU
	EndGlobalSection
	GlobalSection(SolutionProperties) = preSolution
		HideSolutionNode = FALSE
	EndGlobalSection
	GlobalSection(NestedProjects) = preSolution
		{F5347AA3-AFB3-4A5D-8E00-B44855B2A151} = {1C20FADA-BF0C-49C2-B884-153E4285EA47}
		{F76E0C33-700B-4189-A8B0-05EC876CB2B1} = {4B2BA4D5-AEC9-4D01-8B9F-70D54C44DCE4}
		{5D296EE5-4A0A-448D-A0AA-16F3962DB075} = {4B2BA4D5-AEC9-4D01-8B9F-70D54C44DCE4}
		{8D13556A-1EDB-475A-947E-EF834FD67634} = {4B2BA4D5-AEC9-4D01-8B9F-70D54C44DCE4}
		{3092F353-1B6B-495E-9DD2-70D602584009} = {4B2BA4D5-AEC9-4D01-8B9F-70D54C44DCE4}
		{3F204E1A-8C44-444D-856F-2A5699E45707} = {1C20FADA-BF0C-49C2-B884-153E4285EA47}
	EndGlobalSection
	GlobalSection(ExtensibilityGlobals) = postSolution
		SolutionGuid = {C1862F4E-F291-4260-B822-5B4BF5002B82}
	EndGlobalSection
EndGlobal
